
Microsoft Visual Studio Solution File, Format Version 12.00
# Visual Studio 15
VisualStudioVersion = 15.0.26430.15
MinimumVisualStudioVersion = 10.0.40219.1
Project("{FAE04EC0-301F-11D3-BF4B-00C04F79EFBC}") = "SonicLightEditor", "src\SonicLightEditor\SonicLightEditor.csproj", "{AB41CE12-42F8-4CAE-9A14-1E236F699569}"
EndProject
Project("{FAE04EC0-301F-11D3-BF4B-00C04F79EFBC}") = "SonicLightReader", "src\SonicLightReader\SonicLightReader.csproj", "{503755AC-71FD-4F82-8287-D33A23212B40}"
EndProject
Project("{FAE04EC0-301F-11D3-BF4B-00C04F79EFBC}") = "SonicLightXml", "src\SonicLightXml\SonicLightXml.csproj", "{9AF8EA0F-37E4-4A60-AA77-DC63E21F2462}"
EndProject
Global
	GlobalSection(SolutionConfigurationPlatforms) = preSolution
		Debug|Any CPU = Debug|Any CPU
		Release|Any CPU = Release|Any CPU
	EndGlobalSection
	GlobalSection(ProjectConfigurationPlatforms) = postSolution
		{AB41CE12-42F8-4CAE-9A14-1E236F699569}.Debug|Any CPU.ActiveCfg = Debug|Any CPU
		{AB41CE12-42F8-4CAE-9A14-1E236F699569}.Debug|Any CPU.Build.0 = Debug|Any CPU
		{AB41CE12-42F8-4CAE-9A14-1E236F699569}.Release|Any CPU.ActiveCfg = Release|Any CPU
		{AB41CE12-42F8-4CAE-9A14-1E236F699569}.Release|Any CPU.Build.0 = Release|Any CPU
		{503755AC-71FD-4F82-8287-D33A23212B40}.Debug|Any CPU.ActiveCfg = Debug|Any CPU
		{503755AC-71FD-4F82-8287-D33A23212B40}.Debug|Any CPU.Build.0 = Debug|Any CPU
		{503755AC-71FD-4F82-8287-D33A23212B40}.Release|Any CPU.ActiveCfg = Release|Any CPU
		{503755AC-71FD-4F82-8287-D33A23212B40}.Release|Any CPU.Build.0 = Release|Any CPU
		{9AF8EA0F-37E4-4A60-AA77-DC63E21F2462}.Debug|Any CPU.ActiveCfg = Debug|Any CPU
		{9AF8EA0F-37E4-4A60-AA77-DC63E21F2462}.Debug|Any CPU.Build.0 = Debug|Any CPU
		{9AF8EA0F-37E4-4A60-AA77-DC63E21F2462}.Release|Any CPU.ActiveCfg = Release|Any CPU
		{9AF8EA0F-37E4-4A60-AA77-DC63E21F2462}.Release|Any CPU.Build.0 = Release|Any CPU
	EndGlobalSection
	GlobalSection(SolutionProperties) = preSolution
		HideSolutionNode = FALSE
	EndGlobalSection
	GlobalSection(ExtensibilityGlobals) = postSolution
		SolutionGuid = {798F0FB5-0514-4AA1-85C7-F3CEB32FB252}
	EndGlobalSection
EndGlobal
